{
  "name": "nodemailer",
  "version": "1.0.0",
  "lockfileVersion": 1,
  "requires": true,
  "dependencies": {
    "common-js": {
      "version": "0.3.8",
      "resolved": "https://registry.npmjs.org/common-js/-/common-js-0.3.8.tgz",
      "integrity": "sha1-9DKJGLS6N2+YGtM6Gx+7ZhQSbss="
    },
    "nodemailer": {
      "version": "4.6.7",
      "resolved": "https://registry.npmjs.org/nodemailer/-/nodemailer-4.6.7.tgz",
      "integrity": "sha512-GIAAYvs9XIP1fBa8wR89ukUh3yjL44pom5LKY5nTZcL+Zp9sRkqL8wgskyBQECQg9CPsDX/fjTZx8MNz20t0jA=="
    }
  }
}
